github.com/textolytics/nbgo/cli v0.0.0-20260121013637-a2a097c238fd h1:NasiBMHm3YoFAcwe4FAi9/CveqTYml45UOFF6Knjl/0=
github.com/textolytics/nbgo/cli v0.0.0-20260121013637-a2a097c238fd/go.mod h1:sGHaA5RGFras0ZkMHkcGprbFh8Yjvo4EWzCIFDZ0h+4=
github.com/textolytics/nbgo/conf v0.0.0-20260121013637-a2a097c238fd h1:JD+jCzlZuKDhsXjMpIwlw7KvB/Se9V43LUr7lbns6L0=
github.com/textolytics/nbgo/conf v0.0.0-20260121013637-a2a097c238fd/go.mod h1:glYKfCgEnH+sXppGZYeEHl/LRoPPl/T4GAX2jrV2ySk=
github.com/textolytics/nbgo/core v0.0.0-20260121013637-a2a097c238fd h1:s+qzvDVt+Qqhwb75Gg60ykSRfhgZUos9yyVvUNLS1W0=
github.com/textolytics/nbgo/core v0.0.0-20260121013637-a2a097c238fd/go.mod h1:kZTZLdTbC6z8lH2NS5RfqWkrEHQ+Bk9pHe7PaFhfIuw=
github.com/textolytics/nbgo/dw v0.0.0-20260121013637-a2a097c238fd h1:Io+wgzYGzJ8k3+JDzro5L7t1Gc3MaVdc03hwTdWYmHQ=
github.com/textolytics/nbgo/dw v0.0.0-20260121013637-a2a097c238fd/go.mod h1:Z6XsLo+Q0Flv8lF6NFtUwDk0gHKEwZjbXZE0ilu49jI=
github.com/textolytics/nbgo/gw v0.0.0-20260121013637-a2a097c238fd h1:7H4kUnzCzkLvDvb3ucBX/Yb94UMrZV5K4x+H++gMaoo=
github.com/textolytics/nbgo/gw v0.0.0-20260121013637-a2a097c238fd/go.mod h1:hKllKF01m7zWEPQjHau1OtUmzk+igNbOQ94Khact84s=
github.com/textolytics/nbgo/logs v0.0.0-20260121013637-a2a097c238fd h1:5vKnWhl11lQTkEajHQoR3AeOl39RZwoYSFJ43xxh3pQ=
github.com/textolytics/nbgo/logs v0.0.0-20260121013637-a2a097c238fd/go.mod h1:nja589UcM/gXRkNzojvDDV6y8vlMmplAu7N0nvYBXq0=
github.com/textolytics/nbgo/mb v0.0.0-20260121013637-a2a097c238fd h1:YtemfhA4kWiArrVVBDwQOcAH7sV20gEwOhPQZsvRTs8=
github.com/textolytics/nbgo/mb v0.0.0-20260121013637-a2a097c238fd/go.mod h1:3Jo8oETaKnW4XP8sYr/ZhlZ3n2mPd4xOzJatXRodq0U=
github.com/textolytics/nbgo/mon v0.0.0-20260121013637-a2a097c238fd h1:iZcfBfTY76K+b3hksRQzebOQQVktM+b5VlVFW+6v4EA=
github.com/textolytics/nbgo/mon v0.0.0-20260121013637-a2a097c238fd/go.mod h1:wjVQysjUYdDi8a2gN7DM+t85wmsUKbvOpxCOBXIUcM0=
github.com/textolytics/nbgo/run v0.0.0-20260121013637-a2a097c238fd h1:A+f3DH/JUZZmiTlC5eLBbdVVoVXqWeDUqvxHTLdqdmY=
github.com/textolytics/nbgo/run v0.0.0-20260121013637-a2a097c238fd/go.mod h1:W+10NI9Ln62JAivgyfCvy/SgblfowgR4ZZbBunKHXVQ=
github.com/textolytics/nbgo/task v0.0.0-20260121013637-a2a097c238fd h1:vZFZD58Rch1sFTkW+BnO6Pnqyg+0TMPBNvLFnj87X8c=
github.com/textolytics/nbgo/task v0.0.0-20260121013637-a2a097c238fd/go.mod h1:XqANVoDxV4/HrPlkABgv2S4vTsfQOCfkyTbP5LkwXwM=
gopkg.in/check.v1 v0.0.0-20161208181325-20d25e280405 h1:yhCVgyC4o1eVCa2tZl7eS0r+SDo693bJlVdllGtEeKM=
gopkg.in/check.v1 v0.0.0-20161208181325-20d25e280405/go.mod h1:Co6ibVJAznAaIkqp8huTwlJQCZ016jof/cbN4VW5Yz0=
gopkg.in/yaml.v2 v2.4.0 h1:D8xgwECY7CYvx+Y2n4sBz93Jn9JRvxdiyyo8CTfuKaY=
gopkg.in/yaml.v2 v2.4.0/go.mod h1:RDklbk79AGWmwhnvt/jBztapEOGDOx6ZbXqjP6csGnQ=
