github.com/coreos/go-systemd/v22 v22.5.0/go.mod h1:Y58oyj3AT4RCenI/lSvhwexgC+NSVTIJ3seZv2GcEnc=
github.com/davecgh/go-spew v1.1.1/go.mod h1:J7Y8YcW2NihsgmVo/mv3lAwl/skON4iLHjSsI+c5H38=
github.com/deckarep/golang-set v1.7.1/go.mod h1:93vsz/8Wt4joVM7c2AVqh+YRMiUSc14yDtF28KmMOgQ=
github.com/gansidui/skiplist v0.0.0-20141121051332-c6a909ce563b/go.mod h1:8VKNiVGGPIhJE0qomrfsTKscI5iypji4r9wt4gEUDWE=
github.com/gateio/gatews/go v0.0.0-20240430073619-0a9f3ff9f49e/go.mod h1:WIfuSKYItKnmiuCWA1dcZmQEfBNC36/M5El+R8NjIDQ=
github.com/godbus/dbus/v5 v5.0.4/go.mod h1:xhWf0FNVPg57R7Z0UbKHbJfkEywrmjJnf7w5xrFpKfA=
github.com/gorilla/websocket v1.4.2/go.mod h1:YR8l580nyteQvAITg2hZ9XVh4b55+EU/adAjf1fMHhE=
github.com/mattn/go-colorable v0.1.13/go.mod h1:7S9/ev0klgBDR4GtXTXX8a3vIGJpMovkB8vQcUbaXHg=
github.com/mattn/go-isatty v0.0.16/go.mod h1:kYGgaQfpe5nmfYZH+SKPsOc2e4SrIfOl2e/yFXSvRLM=
github.com/mattn/go-isatty v0.0.19/go.mod h1:W+V8PltTTMOvKvAeJH7IuucS94S2C6jfK/D7dTCTo3Y=
github.com/pkg/errors v0.9.1/go.mod h1:bwawxfHBFNV+L2hUp1rHADufV3IMtnDRdf1r5NINEl0=
github.com/pmezard/go-difflib v1.0.0/go.mod h1:iKH77koFhYxTK1pcRnkKkqfTogsbg7gZNVY4sRDYZ/4=
github.com/rs/xid v1.5.0/go.mod h1:trrq9SKmegXys3aeAKXMUTdJsYXVwGY3RLcfgqegfbg=
github.com/rs/zerolog v1.33.0/go.mod h1:/7mN4D5sKwJLZQ2b/znpjC3/GQWY/xaDXUM0kKWRHss=
github.com/shopspring/decimal v1.4.0/go.mod h1:gawqmDU56v4yIKSwfBSFip1HdCCXN8/+DMd9qYNcwME=
github.com/stretchr/testify v1.9.0/go.mod h1:r2ic/lqez/lEtzL7wO/rwa5dbSLXVDPFyf8C91i36aY=
github.com/textolytics/nbgo/cli v0.0.0-20260120222905-8cbb55391d93 h1:kLkLH/KQS9A7RTFR4ifBBVtVqd97sY/bHUsJmBU5Yi0=
github.com/textolytics/nbgo/cli v0.0.0-20260120222905-8cbb55391d93/go.mod h1:sGHaA5RGFras0ZkMHkcGprbFh8Yjvo4EWzCIFDZ0h+4=
github.com/textolytics/nbgo/core v0.0.0-20260120222905-8cbb55391d93 h1:J60U6NpR+GgGFERx0Z0OPxSi8qVongHl+MKmut/DCPI=
github.com/textolytics/nbgo/core v0.0.0-20260120222905-8cbb55391d93/go.mod h1:kZTZLdTbC6z8lH2NS5RfqWkrEHQ+Bk9pHe7PaFhfIuw=
github.com/textolytics/nbgo/dw v0.0.0-20260120222905-8cbb55391d93 h1:uRl39/2EVG36bK1C1z5CHwShWR/GlKQxhyCLB36mEyw=
github.com/textolytics/nbgo/dw v0.0.0-20260120222905-8cbb55391d93/go.mod h1:Z6XsLo+Q0Flv8lF6NFtUwDk0gHKEwZjbXZE0ilu49jI=
github.com/textolytics/nbgo/gw v0.0.0-20260120222905-8cbb55391d93 h1:hVe0Hf887uXnrip7xSqPH/5IFlkr/JLbU/1q37/Gvig=
github.com/textolytics/nbgo/gw v0.0.0-20260120222905-8cbb55391d93/go.mod h1:hKllKF01m7zWEPQjHau1OtUmzk+igNbOQ94Khact84s=
github.com/textolytics/nbgo/logs v0.0.0-20260120222905-8cbb55391d93 h1:g3xd5gPk0NrVxw0rf8tVEYjY4uutJpJkZJhwDEBqaCc=
github.com/textolytics/nbgo/logs v0.0.0-20260120222905-8cbb55391d93/go.mod h1:nja589UcM/gXRkNzojvDDV6y8vlMmplAu7N0nvYBXq0=
github.com/textolytics/nbgo/mb v0.0.0-20260120222905-8cbb55391d93 h1:3slUgqH3nlrdOhgwUSK0XEbMkp0XJze4npSCHrnoCIc=
github.com/textolytics/nbgo/mb v0.0.0-20260120222905-8cbb55391d93/go.mod h1:3Jo8oETaKnW4XP8sYr/ZhlZ3n2mPd4xOzJatXRodq0U=
github.com/textolytics/nbgo/mon v0.0.0-20260120222905-8cbb55391d93 h1:uHwMCnuPGIyFChGLj1WeSiQ1IQw5Ir04zh/RlmguS/U=
github.com/textolytics/nbgo/mon v0.0.0-20260120222905-8cbb55391d93/go.mod h1:wjVQysjUYdDi8a2gN7DM+t85wmsUKbvOpxCOBXIUcM0=
github.com/textolytics/nbgo/run v0.0.0-20260120222905-8cbb55391d93 h1:STkLea9WXsTAOLObTKYqUcuNTJX3wGGHtniJ3uaA650=
github.com/textolytics/nbgo/run v0.0.0-20260120222905-8cbb55391d93/go.mod h1:W+10NI9Ln62JAivgyfCvy/SgblfowgR4ZZbBunKHXVQ=
github.com/textolytics/nbgo/task v0.0.0-20260120222905-8cbb55391d93 h1:FGrBFa+7gjR+YHcnjD4CsQAhxNpcXDiBg78gniaHG+M=
github.com/textolytics/nbgo/task v0.0.0-20260120222905-8cbb55391d93/go.mod h1:XqANVoDxV4/HrPlkABgv2S4vTsfQOCfkyTbP5LkwXwM=
github.com/yireyun/go-queue v0.0.0-20220725040158-a4dd64810e1e/go.mod h1:NS8O3p7NiPwC1Yw9xTd9DnDBguxFJG/BL1VPTSfJ5Gw=
golang.org/x/sys v0.0.0-20220811171246-fbc7d0a398ab/go.mod h1:oPkhp1MJrh7nUepCBck5+mAzfO9JrbApNNgaTdGDITg=
golang.org/x/sys v0.6.0/go.mod h1:oPkhp1MJrh7nUepCBck5+mAzfO9JrbApNNgaTdGDITg=
golang.org/x/sys v0.12.0/go.mod h1:oPkhp1MJrh7nUepCBck5+mAzfO9JrbApNNgaTdGDITg=
gopkg.in/check.v1 v0.0.0-20161208181325-20d25e280405/go.mod h1:Co6ibVJAznAaIkqp8huTwlJQCZ016jof/cbN4VW5Yz0=
gopkg.in/yaml.v2 v2.4.0/go.mod h1:RDklbk79AGWmwhnvt/jBztapEOGDOx6ZbXqjP6csGnQ=
gopkg.in/yaml.v3 v3.0.1 h1:fxVm/GzAzEWqLHuvctI91KS9hhNmmWOoWu0XTYJS7CA=
gopkg.in/yaml.v3 v3.0.1/go.mod h1:K4uyk7z7BCEPqu6E+C64Yfv1cQ7kz7rIZviUmN+EgEM=
